
Microsoft Visual Studio Solution File, Format Version 12.00
# Visual Studio Version 16
VisualStudioVersion = 16.0.30717.126
MinimumVisualStudioVersion = 10.0.40219.1
Project("{FAE04EC0-301F-11D3-BF4B-00C04F79EFBC}") = "RemoteWorkAssisntantServer", "RemoteWorkAssisntantServer\RemoteWorkAssisntantServer.csproj", "{BB5224D0-C262-47E3-B95D-8AB682F9BD8D}"
EndProject
Global
	GlobalSection(SolutionConfigurationPlatforms) = preSolution
		Debug|Any CPU = Debug|Any CPU
		Release|Any CPU = Release|Any CPU
	EndGlobalSection
	GlobalSection(ProjectConfigurationPlatforms) = postSolution
		{BB5224D0-C262-47E3-B95D-8AB682F9BD8D}.Debug|Any CPU.ActiveCfg = Debug|Any CPU
		{BB5224D0-C262-47E3-B95D-8AB682F9BD8D}.Debug|Any CPU.Build.0 = Debug|Any CPU
		{BB5224D0-C262-47E3-B95D-8AB682F9BD8D}.Release|Any CPU.ActiveCfg = Release|Any CPU
		{BB5224D0-C262-47E3-B95D-8AB682F9BD8D}.Release|Any CPU.Build.0 = Release|Any CPU
	EndGlobalSection
	GlobalSection(SolutionProperties) = preSolution
		HideSolutionNode = FALSE
	EndGlobalSection
	GlobalSection(ExtensibilityGlobals) = postSolution
		SolutionGuid = {3A8EDE82-D37F-4602-912B-7CB219125281}
	EndGlobalSection
EndGlobal
